
Microsoft Visual Studio Solution File, Format Version 12.00
# Visual Studio Version 17
VisualStudioVersion = 17.14.36518.9 d17.14
MinimumVisualStudioVersion = 10.0.40219.1
Project("{FAE04EC0-301F-11D3-BF4B-00C04F79EFBC}") = "дз по модулям", "дз по модулям\дз по модулям.csproj", "{125E88AF-F25E-41DC-9F8A-ED1C342FEA97}"
EndProject
Global
	GlobalSection(SolutionConfigurationPlatforms) = preSolution
		Debug|Any CPU = Debug|Any CPU
		Release|Any CPU = Release|Any CPU
	EndGlobalSection
	GlobalSection(ProjectConfigurationPlatforms) = postSolution
		{125E88AF-F25E-41DC-9F8A-ED1C342FEA97}.Debug|Any CPU.ActiveCfg = Debug|Any CPU
		{125E88AF-F25E-41DC-9F8A-ED1C342FEA97}.Debug|Any CPU.Build.0 = Debug|Any CPU
		{125E88AF-F25E-41DC-9F8A-ED1C342FEA97}.Release|Any CPU.ActiveCfg = Release|Any CPU
		{125E88AF-F25E-41DC-9F8A-ED1C342FEA97}.Release|Any CPU.Build.0 = Release|Any CPU
	EndGlobalSection
	GlobalSection(SolutionProperties) = preSolution
		HideSolutionNode = FALSE
	EndGlobalSection
	GlobalSection(ExtensibilityGlobals) = postSolution
		SolutionGuid = {04FFBC8C-4A44-4DA8-8E70-DBAD7206C12B}
	EndGlobalSection
EndGlobal
